
Microsoft Visual Studio Solution File, Format Version 12.00
# Visual Studio Version 17
VisualStudioVersion = 17.14.36717.8
MinimumVisualStudioVersion = 10.0.40219.1
Project("{2150E333-8FDC-42A3-9474-1A3956D46DE8}") = "Services", "Services", "{02EA681E-C7D8-13C7-8484-4AC65E1B71E8}"
EndProject
Project("{2150E333-8FDC-42A3-9474-1A3956D46DE8}") = "Catalog", "Catalog", "{B6C61173-44D3-45A5-B8D2-06FD69353EA9}"
EndProject
Project("{FAE04EC0-301F-11D3-BF4B-00C04F79EFBC}") = "MultiShop.Catalog", "Services\Catalog\MultiShop.Catalog\MultiShop.Catalog.csproj", "{ADD59475-6350-4717-8DD4-EC26CED3FEED}"
EndProject
Project("{2150E333-8FDC-42A3-9474-1A3956D46DE8}") = "Discount", "Discount", "{82D4C946-AA52-4143-ACE1-8B37E58E3A4E}"
EndProject
Project("{FAE04EC0-301F-11D3-BF4B-00C04F79EFBC}") = "MultiShop.Discount", "Services\Discount\MultiShop.Discount\MultiShop.Discount.csproj", "{959D5BF4-CE07-4E14-85FD-D642945DBCED}"
EndProject
Project("{2150E333-8FDC-42A3-9474-1A3956D46DE8}") = "Order", "Order", "{DA82EEE8-9C12-4BFF-8A8E-76823021BA3E}"
EndProject
Project("{2150E333-8FDC-42A3-9474-1A3956D46DE8}") = "Core", "Core", "{6B35319A-ED8D-4F6C-AEF2-DE4C70EEF2D9}"
EndProject
Project("{2150E333-8FDC-42A3-9474-1A3956D46DE8}") = "Infrastructure", "Infrastructure", "{87E8648A-5442-4557-896C-3F2887B30D5F}"
EndProject
Project("{2150E333-8FDC-42A3-9474-1A3956D46DE8}") = "Presentation", "Presentation", "{047E617A-AFA0-401F-A9D6-77C317AEB194}"
EndProject
Project("{FAE04EC0-301F-11D3-BF4B-00C04F79EFBC}") = "MultiShop.Order.Domain", "Services\Order\Core\MultiShop.Order.Domain\MultiShop.Order.Domain.csproj", "{73D9217A-B1CD-4052-8445-8A503BAE99DE}"
EndProject
Project("{FAE04EC0-301F-11D3-BF4B-00C04F79EFBC}") = "MultiShop.Order.Application", "Services\Order\Core\MultiShop.Order.Application\MultiShop.Order.Application.csproj", "{01BC734D-F2E8-48AF-9736-6C48364B54EF}"
EndProject
Project("{FAE04EC0-301F-11D3-BF4B-00C04F79EFBC}") = "MultiShop.Order.Persistence", "Services\Order\Infrastructure\MultiShop.Order.Persistence\MultiShop.Order.Persistence.csproj", "{385F6DD4-D0DD-4E28-9FCF-636FB5773A48}"
EndProject
Project("{FAE04EC0-301F-11D3-BF4B-00C04F79EFBC}") = "MultiShop.Order.WebApi", "Services\Order\Presentation\MultiShop.Order.WebApi\MultiShop.Order.WebApi.csproj", "{11B92AB3-398A-4033-83D9-F626071AB791}"
EndProject
Global
	GlobalSection(SolutionConfigurationPlatforms) = preSolution
		Debug|Any CPU = Debug|Any CPU
		Release|Any CPU = Release|Any CPU
	EndGlobalSection
	GlobalSection(ProjectConfigurationPlatforms) = postSolution
		{ADD59475-6350-4717-8DD4-EC26CED3FEED}.Debug|Any CPU.ActiveCfg = Debug|Any CPU
		{ADD59475-6350-4717-8DD4-EC26CED3FEED}.Debug|Any CPU.Build.0 = Debug|Any CPU
		{ADD59475-6350-4717-8DD4-EC26CED3FEED}.Release|Any CPU.ActiveCfg = Release|Any CPU
		{ADD59475-6350-4717-8DD4-EC26CED3FEED}.Release|Any CPU.Build.0 = Release|Any CPU
		{959D5BF4-CE07-4E14-85FD-D642945DBCED}.Debug|Any CPU.ActiveCfg = Debug|Any CPU
		{959D5BF4-CE07-4E14-85FD-D642945DBCED}.Debug|Any CPU.Build.0 = Debug|Any CPU
		{959D5BF4-CE07-4E14-85FD-D642945DBCED}.Release|Any CPU.ActiveCfg = Release|Any CPU
		{959D5BF4-CE07-4E14-85FD-D642945DBCED}.Release|Any CPU.Build.0 = Release|Any CPU
		{73D9217A-B1CD-4052-8445-8A503BAE99DE}.Debug|Any CPU.ActiveCfg = Debug|Any CPU
		{73D9217A-B1CD-4052-8445-8A503BAE99DE}.Debug|Any CPU.Build.0 = Debug|Any CPU
		{73D9217A-B1CD-4052-8445-8A503BAE99DE}.Release|Any CPU.ActiveCfg = Release|Any CPU
		{73D9217A-B1CD-4052-8445-8A503BAE99DE}.Release|Any CPU.Build.0 = Release|Any CPU
		{01BC734D-F2E8-48AF-9736-6C48364B54EF}.Debug|Any CPU.ActiveCfg = Debug|Any CPU
		{01BC734D-F2E8-48AF-9736-6C48364B54EF}.Debug|Any CPU.Build.0 = Debug|Any CPU
		{01BC734D-F2E8-48AF-9736-6C48364B54EF}.Release|Any CPU.ActiveCfg = Release|Any CPU
		{01BC734D-F2E8-48AF-9736-6C48364B54EF}.Release|Any CPU.Build.0 = Release|Any CPU
		{385F6DD4-D0DD-4E28-9FCF-636FB5773A48}.Debug|Any CPU.ActiveCfg = Debug|Any CPU
		{385F6DD4-D0DD-4E28-9FCF-636FB5773A48}.Debug|Any CPU.Build.0 = Debug|Any CPU
		{385F6DD4-D0DD-4E28-9FCF-636FB5773A48}.Release|Any CPU.ActiveCfg = Release|Any CPU
		{385F6DD4-D0DD-4E28-9FCF-636FB5773A48}.Release|Any CPU.Build.0 = Release|Any CPU
		{11B92AB3-398A-4033-83D9-F626071AB791}.Debug|Any CPU.ActiveCfg = Debug|Any CPU
		{11B92AB3-398A-4033-83D9-F626071AB791}.Debug|Any CPU.Build.0 = Debug|Any CPU
		{11B92AB3-398A-4033-83D9-F626071AB791}.Release|Any CPU.ActiveCfg = Release|Any CPU
		{11B92AB3-398A-4033-83D9-F626071AB791}.Release|Any CPU.Build.0 = Release|Any CPU
	EndGlobalSection
	GlobalSection(SolutionProperties) = preSolution
		HideSolutionNode = FALSE
	EndGlobalSection
	GlobalSection(NestedProjects) = preSolution
		{B6C61173-44D3-45A5-B8D2-06FD69353EA9} = {02EA681E-C7D8-13C7-8484-4AC65E1B71E8}
		{ADD59475-6350-4717-8DD4-EC26CED3FEED} = {B6C61173-44D3-45A5-B8D2-06FD69353EA9}
		{82D4C946-AA52-4143-ACE1-8B37E58E3A4E} = {02EA681E-C7D8-13C7-8484-4AC65E1B71E8}
		{959D5BF4-CE07-4E14-85FD-D642945DBCED} = {82D4C946-AA52-4143-ACE1-8B37E58E3A4E}
		{DA82EEE8-9C12-4BFF-8A8E-76823021BA3E} = {02EA681E-C7D8-13C7-8484-4AC65E1B71E8}
		{6B35319A-ED8D-4F6C-AEF2-DE4C70EEF2D9} = {DA82EEE8-9C12-4BFF-8A8E-76823021BA3E}
		{87E8648A-5442-4557-896C-3F2887B30D5F} = {DA82EEE8-9C12-4BFF-8A8E-76823021BA3E}
		{047E617A-AFA0-401F-A9D6-77C317AEB194} = {DA82EEE8-9C12-4BFF-8A8E-76823021BA3E}
		{73D9217A-B1CD-4052-8445-8A503BAE99DE} = {6B35319A-ED8D-4F6C-AEF2-DE4C70EEF2D9}
		{01BC734D-F2E8-48AF-9736-6C48364B54EF} = {6B35319A-ED8D-4F6C-AEF2-DE4C70EEF2D9}
		{385F6DD4-D0DD-4E28-9FCF-636FB5773A48} = {87E8648A-5442-4557-896C-3F2887B30D5F}
		{11B92AB3-398A-4033-83D9-F626071AB791} = {047E617A-AFA0-401F-A9D6-77C317AEB194}
	EndGlobalSection
	GlobalSection(ExtensibilityGlobals) = postSolution
		SolutionGuid = {06EA91B0-9759-45F5-B360-8045EEFCCAFD}
	EndGlobalSection
EndGlobal
